
Microsoft Visual Studio Solution File, Format Version 12.00
# Visual Studio Version 16
VisualStudioVersion = 16.0.30621.155
MinimumVisualStudioVersion = 10.0.40219.1
Project("{FAE04EC0-301F-11D3-BF4B-00C04F79EFBC}") = "Protótipo Projeto Sistemas Microcontrolados", "Protótipo Projeto Sistemas Microcontrolados\Protótipo Projeto Sistemas Microcontrolados.csproj", "{A0499F51-49C2-4449-9E13-3FF71E067216}"
EndProject
Global
	GlobalSection(SolutionConfigurationPlatforms) = preSolution
		Debug|Any CPU = Debug|Any CPU
		Release|Any CPU = Release|Any CPU
	EndGlobalSection
	GlobalSection(ProjectConfigurationPlatforms) = postSolution
		{A0499F51-49C2-4449-9E13-3FF71E067216}.Debug|Any CPU.ActiveCfg = Debug|Any CPU
		{A0499F51-49C2-4449-9E13-3FF71E067216}.Debug|Any CPU.Build.0 = Debug|Any CPU
		{A0499F51-49C2-4449-9E13-3FF71E067216}.Release|Any CPU.ActiveCfg = Release|Any CPU
		{A0499F51-49C2-4449-9E13-3FF71E067216}.Release|Any CPU.Build.0 = Release|Any CPU
	EndGlobalSection
	GlobalSection(SolutionProperties) = preSolution
		HideSolutionNode = FALSE
	EndGlobalSection
	GlobalSection(ExtensibilityGlobals) = postSolution
		SolutionGuid = {98900AB5-E315-4FE8-8FFA-F39F2F00412F}
	EndGlobalSection
EndGlobal
